Microsoft Visual Studio Solution File, Format Version 11.00
# Visual Studio 2008

Project("{295A876C-A3AD-C0F6-90B5-7BB857D41607}") = "marioPart1", "Assembly-CSharp.csproj", "{479AFC73-785B-7A04-2C60-23265C8DFA7B}"
EndProject
Global
	GlobalSection(SolutionConfigurationPlatforms) = preSolution
		Debug|Any CPU = Debug|Any CPU
		Release|Any CPU = Release|Any CPU
	EndGlobalSection
	GlobalSection(ProjectConfigurationPlatforms) = postSolution
		{479AFC73-785B-7A04-2C60-23265C8DFA7B}.Debug|Any CPU.ActiveCfg = Debug|Any CPU
		{479AFC73-785B-7A04-2C60-23265C8DFA7B}.Debug|Any CPU.Build.0 = Debug|Any CPU
		{479AFC73-785B-7A04-2C60-23265C8DFA7B}.Release|Any CPU.ActiveCfg = Release|Any CPU
		{479AFC73-785B-7A04-2C60-23265C8DFA7B}.Release|Any CPU.Build.0 = Release|Any CPU
	EndGlobalSection
	GlobalSection(SolutionProperties) = preSolution
		HideSolutionNode = FALSE
	EndGlobalSection
	GlobalSection(MonoDevelopProperties) = preSolution
		StartupItem = Assembly-CSharp.csproj
	EndGlobalSection
EndGlobal
